
Microsoft Visual Studio Solution File, Format Version 12.00
# Visual Studio Version 17
VisualStudioVersion = 17.11.35303.130
MinimumVisualStudioVersion = 10.0.40219.1
Project("{FAE04EC0-301F-11D3-BF4B-00C04F79EFBC}") = "myLibrary", "myLibrary\myLibrary.csproj", "{79339D0E-6AA1-4D4D-8B1B-1D2E4AD29718}"
EndProject
Project("{FAE04EC0-301F-11D3-BF4B-00C04F79EFBC}") = "myLibraryTest", "myLibraryTest\myLibraryTest.csproj", "{9D35B110-8AAC-432D-9431-D72C5B0492F1}"
EndProject
Global
	GlobalSection(SolutionConfigurationPlatforms) = preSolution
		Debug|Any CPU = Debug|Any CPU
		Release|Any CPU = Release|Any CPU
	EndGlobalSection
	GlobalSection(ProjectConfigurationPlatforms) = postSolution
		{79339D0E-6AA1-4D4D-8B1B-1D2E4AD29718}.Debug|Any CPU.ActiveCfg = Debug|Any CPU
		{79339D0E-6AA1-4D4D-8B1B-1D2E4AD29718}.Debug|Any CPU.Build.0 = Debug|Any CPU
		{79339D0E-6AA1-4D4D-8B1B-1D2E4AD29718}.Release|Any CPU.ActiveCfg = Release|Any CPU
		{79339D0E-6AA1-4D4D-8B1B-1D2E4AD29718}.Release|Any CPU.Build.0 = Release|Any CPU
		{9D35B110-8AAC-432D-9431-D72C5B0492F1}.Debug|Any CPU.ActiveCfg = Debug|Any CPU
		{9D35B110-8AAC-432D-9431-D72C5B0492F1}.Debug|Any CPU.Build.0 = Debug|Any CPU
		{9D35B110-8AAC-432D-9431-D72C5B0492F1}.Release|Any CPU.ActiveCfg = Release|Any CPU
		{9D35B110-8AAC-432D-9431-D72C5B0492F1}.Release|Any CPU.Build.0 = Release|Any CPU
	EndGlobalSection
	GlobalSection(SolutionProperties) = preSolution
		HideSolutionNode = FALSE
	EndGlobalSection
	GlobalSection(ExtensibilityGlobals) = postSolution
		SolutionGuid = {6E6B5502-7C26-4BBD-A803-A18530961A89}
	EndGlobalSection
EndGlobal
